
Microsoft Visual Studio Solution File, Format Version 12.00
# Visual Studio 14
VisualStudioVersion = 14.0.25123.0
MinimumVisualStudioVersion = 10.0.40219.1
Project("{FAE04EC0-301F-11D3-BF4B-00C04F79EFBC}") = "GigHub", "GigHub\GigHub.csproj", "{5E9A8B9D-5FC3-4819-ADF1-D58F1CC23A53}"
EndProject
Global
	GlobalSection(SolutionConfigurationPlatforms) = preSolution
		Debug|Any CPU = Debug|Any CPU
		Release|Any CPU = Release|Any CPU
	EndGlobalSection
	GlobalSection(ProjectConfigurationPlatforms) = postSolution
		{5E9A8B9D-5FC3-4819-ADF1-D58F1CC23A53}.Debug|Any CPU.ActiveCfg = Debug|Any CPU
		{5E9A8B9D-5FC3-4819-ADF1-D58F1CC23A53}.Debug|Any CPU.Build.0 = Debug|Any CPU
		{5E9A8B9D-5FC3-4819-ADF1-D58F1CC23A53}.Release|Any CPU.ActiveCfg = Release|Any CPU
		{5E9A8B9D-5FC3-4819-ADF1-D58F1CC23A53}.Release|Any CPU.Build.0 = Release|Any CPU
	EndGlobalSection
	GlobalSection(SolutionProperties) = preSolution
		HideSolutionNode = FALSE
	EndGlobalSection
EndGlobal
